
Microsoft Visual Studio Solution File, Format Version 12.00
# Visual Studio Version 17
VisualStudioVersion = 17.5.33530.505
MinimumVisualStudioVersion = 10.0.40219.1
Project("{FAE04EC0-301F-11D3-BF4B-00C04F79EFBC}") = "Hernan.DemoHahn.API", "Hernan.DemoHahn.API\Hernan.DemoHahn.API.csproj", "{CD590F5A-3E46-4321-9B9D-608A1BC9486C}"
EndProject
Project("{2150E333-8FDC-42A3-9474-1A3956D46DE8}") = "API", "API", "{EACB7C3F-8E4F-49E0-8AF6-919D7DE24A75}"
EndProject
Project("{2150E333-8FDC-42A3-9474-1A3956D46DE8}") = "Domain", "Domain", "{E1D00FF1-0D1C-4EFE-AFDC-062110C739FE}"
EndProject
Project("{FAE04EC0-301F-11D3-BF4B-00C04F79EFBC}") = "Hernan.DemoHahn.Domain", "Hernan.DemoHahn.Domain\Hernan.DemoHahn.Domain.csproj", "{B9E3086B-75A5-4CBF-AC65-009A1A669302}"
EndProject
Project("{2150E333-8FDC-42A3-9474-1A3956D46DE8}") = "Infrastructure", "Infrastructure", "{BB501F81-D6BB-4E6C-A9A8-C401B35CF0C6}"
EndProject
Project("{FAE04EC0-301F-11D3-BF4B-00C04F79EFBC}") = "Hernan.DemoHahn.Infrastructure", "Hernan.DemoHahn.Infrastructure\Hernan.DemoHahn.Infrastructure.csproj", "{A459269B-5A9F-4626-933D-177E6BB874AB}"
EndProject
Global
	GlobalSection(SolutionConfigurationPlatforms) = preSolution
		Debug|Any CPU = Debug|Any CPU
		Release|Any CPU = Release|Any CPU
	EndGlobalSection
	GlobalSection(ProjectConfigurationPlatforms) = postSolution
		{CD590F5A-3E46-4321-9B9D-608A1BC9486C}.Debug|Any CPU.ActiveCfg = Debug|Any CPU
		{CD590F5A-3E46-4321-9B9D-608A1BC9486C}.Debug|Any CPU.Build.0 = Debug|Any CPU
		{CD590F5A-3E46-4321-9B9D-608A1BC9486C}.Release|Any CPU.ActiveCfg = Release|Any CPU
		{CD590F5A-3E46-4321-9B9D-608A1BC9486C}.Release|Any CPU.Build.0 = Release|Any CPU
		{B9E3086B-75A5-4CBF-AC65-009A1A669302}.Debug|Any CPU.ActiveCfg = Debug|Any CPU
		{B9E3086B-75A5-4CBF-AC65-009A1A669302}.Debug|Any CPU.Build.0 = Debug|Any CPU
		{B9E3086B-75A5-4CBF-AC65-009A1A669302}.Release|Any CPU.ActiveCfg = Release|Any CPU
		{B9E3086B-75A5-4CBF-AC65-009A1A669302}.Release|Any CPU.Build.0 = Release|Any CPU
		{A459269B-5A9F-4626-933D-177E6BB874AB}.Debug|Any CPU.ActiveCfg = Debug|Any CPU
		{A459269B-5A9F-4626-933D-177E6BB874AB}.Debug|Any CPU.Build.0 = Debug|Any CPU
		{A459269B-5A9F-4626-933D-177E6BB874AB}.Release|Any CPU.ActiveCfg = Release|Any CPU
		{A459269B-5A9F-4626-933D-177E6BB874AB}.Release|Any CPU.Build.0 = Release|Any CPU
	EndGlobalSection
	GlobalSection(SolutionProperties) = preSolution
		HideSolutionNode = FALSE
	EndGlobalSection
	GlobalSection(NestedProjects) = preSolution
		{CD590F5A-3E46-4321-9B9D-608A1BC9486C} = {EACB7C3F-8E4F-49E0-8AF6-919D7DE24A75}
		{B9E3086B-75A5-4CBF-AC65-009A1A669302} = {E1D00FF1-0D1C-4EFE-AFDC-062110C739FE}
		{A459269B-5A9F-4626-933D-177E6BB874AB} = {BB501F81-D6BB-4E6C-A9A8-C401B35CF0C6}
	EndGlobalSection
	GlobalSection(ExtensibilityGlobals) = postSolution
		SolutionGuid = {3C85780F-156A-4280-9AF9-78DD1694687A}
	EndGlobalSection
EndGlobal
